
Microsoft Visual Studio Solution File, Format Version 12.00
# Visual Studio Version 16
VisualStudioVersion = 16.0.30011.22
MinimumVisualStudioVersion = 10.0.40219.1
Project("{FAE04EC0-301F-11D3-BF4B-00C04F79EFBC}") = "Brain", "Brain\Brain.csproj", "{DE9980CB-6125-4F81-BE12-A988867A3CF2}"
EndProject
Project("{FAE04EC0-301F-11D3-BF4B-00C04F79EFBC}") = "BrainTests", "XUnitTestProject1\BrainTests.csproj", "{49FCD462-1287-432C-A05D-43725F94B641}"
EndProject
Global
	GlobalSection(SolutionConfigurationPlatforms) = preSolution
		Debug|Any CPU = Debug|Any CPU
		Release|Any CPU = Release|Any CPU
	EndGlobalSection
	GlobalSection(ProjectConfigurationPlatforms) = postSolution
		{DE9980CB-6125-4F81-BE12-A988867A3CF2}.Debug|Any CPU.ActiveCfg = Debug|Any CPU
		{DE9980CB-6125-4F81-BE12-A988867A3CF2}.Debug|Any CPU.Build.0 = Debug|Any CPU
		{DE9980CB-6125-4F81-BE12-A988867A3CF2}.Release|Any CPU.ActiveCfg = Release|Any CPU
		{DE9980CB-6125-4F81-BE12-A988867A3CF2}.Release|Any CPU.Build.0 = Release|Any CPU
		{49FCD462-1287-432C-A05D-43725F94B641}.Debug|Any CPU.ActiveCfg = Debug|Any CPU
		{49FCD462-1287-432C-A05D-43725F94B641}.Debug|Any CPU.Build.0 = Debug|Any CPU
		{49FCD462-1287-432C-A05D-43725F94B641}.Release|Any CPU.ActiveCfg = Release|Any CPU
		{49FCD462-1287-432C-A05D-43725F94B641}.Release|Any CPU.Build.0 = Release|Any CPU
	EndGlobalSection
	GlobalSection(SolutionProperties) = preSolution
		HideSolutionNode = FALSE
	EndGlobalSection
	GlobalSection(ExtensibilityGlobals) = postSolution
		SolutionGuid = {4B3CE374-AB00-4B50-96D3-20210A1DDA70}
	EndGlobalSection
EndGlobal
